{
  "nodes": {
    "atlassian-mcp-skills": {
      "flake": false,
      "locked": {
        "lastModified": 1776196198,
        "narHash": "sha256-sLanUxgcXEpPhB/W3m/ltOg303m8pqeFuUg+VDJI5k0=",
        "owner": "atlassian",
        "repo": "atlassian-mcp-server",
        "rev": "9b52fb18e184edc307ce33f8bf4cdf148dedf1f2",
        "type": "github"
      },
      "original": {
        "owner": "atlassian",
        "repo": "atlassian-mcp-server",
        "type": "github"
      }
    },
    "flake-parts": {
      "inputs": {
        "nixpkgs-lib": "nixpkgs-lib"
      },
      "locked": {
        "lastModified": 1772408722,
        "narHash": "sha256-rHuJtdcOjK7rAHpHphUb1iCvgkU3GpfvicLMwwnfMT0=",
        "owner": "hercules-ci",
        "repo": "flake-parts",
        "rev": "f20dc5d9b8027381c474144ecabc9034d6a839a3",
        "type": "github"
      },
      "original": {
        "owner": "hercules-ci",
        "repo": "flake-parts",
        "type": "github"
      }
    },
    "flake-utils": {
      "inputs": {
        "systems": "systems"
      },
      "locked": {
        "lastModified": 1731533236,
        "narHash": "sha256-l0KFg5HjrsfsO/JpG+r7fRrqm12kzFHyUHqHCVpMMbI=",
        "owner": "numtide",
        "repo": "flake-utils",
        "rev": "11707dc2f618dd54ca8739b309ec4fc024de578b",
        "type": "github"
      },
      "original": {
        "owner": "numtide",
        "repo": "flake-utils",
        "type": "github"
      }
    },
    "googleworkspace-cli": {
      "inputs": {
        "flake-utils": "flake-utils",
        "nixpkgs": "nixpkgs"
      },
      "locked": {
        "lastModified": 1774981938,
        "narHash": "sha256-Bj4gPklufU6p2JpvN6j7QViv7ghSn52jemeXPVXkhlk=",
        "owner": "googleworkspace",
        "repo": "cli",
        "rev": "705fb0ecac6f4249679958f6325b809b63fdde17",
        "type": "github"
      },
      "original": {
        "owner": "googleworkspace",
        "ref": "v0.22.5",
        "repo": "cli",
        "type": "github"
      }
    },
    "msgvault": {
      "inputs": {
        "nixpkgs": "nixpkgs_2"
      },
      "locked": {
        "lastModified": 1776791160,
        "narHash": "sha256-JSbc3wjmS7y+7eToe3NMGxW3S/U8bx/Zoo5T7xiZvUE=",
        "owner": "wesm",
        "repo": "msgvault",
        "rev": "bee3edbf1303d92b81aa26b52c6dc4434da5f064",
        "type": "github"
      },
      "original": {
        "owner": "wesm",
        "ref": "v0.14.0",
        "repo": "msgvault",
        "type": "github"
      }
    },
    "nixpkgs": {
      "locked": {
        "lastModified": 1774709303,
        "narHash": "sha256-D3Q07BbIA2KnTcSXIqqu9P586uWxN74zNoCH3h2ESHg=",
        "owner": "NixOS",
        "repo": "nixpkgs",
        "rev": "8110df5ad7abf5d4c0f6fb0f8f978390e77f9685",
        "type": "github"
      },
      "original": {
        "owner": "NixOS",
        "ref": "nixos-unstable",
        "repo": "nixpkgs",
        "type": "github"
      }
    },
    "nixpkgs-lib": {
      "locked": {
        "lastModified": 1772328832,
        "narHash": "sha256-e+/T/pmEkLP6BHhYjx6GmwP5ivonQQn0bJdH9YrRB+Q=",
        "owner": "nix-community",
        "repo": "nixpkgs.lib",
        "rev": "c185c7a5e5dd8f9add5b2f8ebeff00888b070742",
        "type": "github"
      },
      "original": {
        "owner": "nix-community",
        "repo": "nixpkgs.lib",
        "type": "github"
      }
    },
    "nixpkgs_2": {
      "locked": {
        "lastModified": 1770141374,
        "narHash": "sha256-yD4K/vRHPwXbJf5CK3JkptBA6nFWUKNX/jlFp2eKEQc=",
        "owner": "NixOS",
        "repo": "nixpkgs",
        "rev": "41965737c1797c1d83cfb0b644ed0840a6220bd1",
        "type": "github"
      },
      "original": {
        "owner": "NixOS",
        "ref": "nixpkgs-unstable",
        "repo": "nixpkgs",
        "type": "github"
      }
    },
    "nixpkgs_3": {
      "locked": {
        "lastModified": 1772963539,
        "narHash": "sha256-9jVDGZnvCckTGdYT53d/EfznygLskyLQXYwJLKMPsZs=",
        "owner": "NixOS",
        "repo": "nixpkgs",
        "rev": "9dcb002ca1690658be4a04645215baea8b95f31d",
        "type": "github"
      },
      "original": {
        "owner": "NixOS",
        "ref": "nixos-unstable",
        "repo": "nixpkgs",
        "type": "github"
      }
    },
    "pplx-agent-tools": {
      "inputs": {
        "nixpkgs": [
          "nixpkgs"
        ],
        "pyproject-build-systems": "pyproject-build-systems",
        "pyproject-nix": "pyproject-nix",
        "uv2nix": "uv2nix"
      },
      "locked": {
        "lastModified": 1778816333,
        "narHash": "sha256-8twE37xORvp8b+hgpHUhZW/qUWKW9eMtZui/v+/NCTw=",
        "owner": "ak2k",
        "repo": "pplx-agent-tools",
        "rev": "cca078989a96ebe506a52582d8600ee5014c2e84",
        "type": "github"
      },
      "original": {
        "owner": "ak2k",
        "ref": "v0.3.3",
        "repo": "pplx-agent-tools",
        "type": "github"
      }
    },
    "pyproject-build-systems": {
      "inputs": {
        "nixpkgs": [
          "pplx-agent-tools",
          "nixpkgs"
        ],
        "pyproject-nix": [
          "pplx-agent-tools",
          "pyproject-nix"
        ],
        "uv2nix": [
          "pplx-agent-tools",
          "uv2nix"
        ]
      },
      "locked": {
        "lastModified": 1776659114,
        "narHash": "sha256-qapCOQmR++yZSY43dzrp3wCrkOTLpod+ONtJWBk6iKU=",
        "owner": "pyproject-nix",
        "repo": "build-system-pkgs",
        "rev": "ffaa2161dd5d63e0e94591f86b54fc239660fb2e",
        "type": "github"
      },
      "original": {
        "owner": "pyproject-nix",
        "repo": "build-system-pkgs",
        "type": "github"
      }
    },
    "pyproject-nix": {
      "inputs": {
        "nixpkgs": [
          "pplx-agent-tools",
          "nixpkgs"
        ]
      },
      "locked": {
        "lastModified": 1776715674,
        "narHash": "sha256-Gs1VnEkCkkRZxJQAC/Dhz0Jbfi22mFXChbtNg9w/Ybg=",
        "owner": "pyproject-nix",
        "repo": "pyproject.nix",
        "rev": "69f57f27e52a87c54e28138a75ec741cd46663c9",
        "type": "github"
      },
      "original": {
        "owner": "pyproject-nix",
        "repo": "pyproject.nix",
        "type": "github"
      }
    },
    "root": {
      "inputs": {
        "atlassian-mcp-skills": "atlassian-mcp-skills",
        "flake-parts": "flake-parts",
        "googleworkspace-cli": "googleworkspace-cli",
        "msgvault": "msgvault",
        "nixpkgs": "nixpkgs_3",
        "pplx-agent-tools": "pplx-agent-tools",
        "treefmt-nix": "treefmt-nix"
      }
    },
    "systems": {
      "locked": {
        "lastModified": 1681028828,
        "narHash": "sha256-Vy1rq5AaRuLzOxct8nz4T6wlgyUR7zLU309k9mBC768=",
        "owner": "nix-systems",
        "repo": "default",
        "rev": "da67096a3b9bf56a91d16901293e51ba5b49a27e",
        "type": "github"
      },
      "original": {
        "owner": "nix-systems",
        "repo": "default",
        "type": "github"
      }
    },
    "treefmt-nix": {
      "inputs": {
        "nixpkgs": [
          "nixpkgs"
        ]
      },
      "locked": {
        "lastModified": 1772660329,
        "narHash": "sha256-IjU1FxYqm+VDe5qIOxoW+pISBlGvVApRjiw/Y/ttJzY=",
        "owner": "numtide",
        "repo": "treefmt-nix",
        "rev": "3710e0e1218041bbad640352a0440114b1e10428",
        "type": "github"
      },
      "original": {
        "owner": "numtide",
        "repo": "treefmt-nix",
        "type": "github"
      }
    },
    "uv2nix": {
      "inputs": {
        "nixpkgs": [
          "pplx-agent-tools",
          "nixpkgs"
        ],
        "pyproject-nix": [
          "pplx-agent-tools",
          "pyproject-nix"
        ]
      },
      "locked": {
        "lastModified": 1778320345,
        "narHash": "sha256-HcdXw00vWUK/6Lnan6Sy21nfZb5664bSPAB6a/Dtsu8=",
        "owner": "pyproject-nix",
        "repo": "uv2nix",
        "rev": "26e2f4debdf32960adf9c059dfadc14d7871ca79",
        "type": "github"
      },
      "original": {
        "owner": "pyproject-nix",
        "repo": "uv2nix",
        "type": "github"
      }
    }
  },
  "root": "root",
  "version": 7
}
